
Microsoft Visual Studio Solution File, Format Version 12.00
# Visual Studio Version 17
VisualStudioVersion = 17.7.34003.232
MinimumVisualStudioVersion = 10.0.40219.1
Project("{8BC9CEB8-8B4A-11D0-8D11-00A0C91BC942}") = "pckView", "Source\pckView\pckView.vcxproj", "{EF450DDD-25FA-4BFB-95B9-B76752B7D97B}"
EndProject
Project("{2150E333-8FDC-42A3-9474-1A3956D46DE8}") = "Images", "Images", "{7D123232-D98D-4D73-ACEB-7B74D638F471}"
EndProject
Project("{2150E333-8FDC-42A3-9474-1A3956D46DE8}") = "Archives", "Archives", "{D305843C-BA0F-49E1-9D11-894159A03779}"
EndProject
Project("{8BC9CEB8-8B4A-11D0-8D11-00A0C91BC942}") = "sue", "Source\sue\sue.vcxproj", "{E7304AF1-4E8E-4467-A3D7-12178ACEB188}"
	ProjectSection(ProjectDependencies) = postProject
		{6C8D5CE6-2D5C-42CE-842F-120AE5F23AA7} = {6C8D5CE6-2D5C-42CE-842F-120AE5F23AA7}
	EndProjectSection
EndProject
Project("{8BC9CEB8-8B4A-11D0-8D11-00A0C91BC942}") = "unsue", "Source\unsue\unsue.vcxproj", "{6084FB7C-B782-4825-A480-B408C09AFC82}"
	ProjectSection(ProjectDependencies) = postProject
		{6C8D5CE6-2D5C-42CE-842F-120AE5F23AA7} = {6C8D5CE6-2D5C-42CE-842F-120AE5F23AA7}
	EndProjectSection
EndProject
Project("{2150E333-8FDC-42A3-9474-1A3956D46DE8}") = "SDK", "SDK", "{EBA24375-2324-4D08-8385-6440A2AB59A5}"
EndProject
Project("{8BC9CEB8-8B4A-11D0-8D11-00A0C91BC942}") = "zlib", "Source\zlib\zlib.vcxproj", "{6C8D5CE6-2D5C-42CE-842F-120AE5F23AA7}"
EndProject
Global
	GlobalSection(SolutionConfigurationPlatforms) = preSolution
		Debug|x64 = Debug|x64
		Debug|x86 = Debug|x86
		Release|x64 = Release|x64
		Release|x86 = Release|x86
	EndGlobalSection
	GlobalSection(ProjectConfigurationPlatforms) = postSolution
		{EF450DDD-25FA-4BFB-95B9-B76752B7D97B}.Debug|x64.ActiveCfg = Debug|x64
		{EF450DDD-25FA-4BFB-95B9-B76752B7D97B}.Debug|x64.Build.0 = Debug|x64
		{EF450DDD-25FA-4BFB-95B9-B76752B7D97B}.Debug|x86.ActiveCfg = Debug|Win32
		{EF450DDD-25FA-4BFB-95B9-B76752B7D97B}.Debug|x86.Build.0 = Debug|Win32
		{EF450DDD-25FA-4BFB-95B9-B76752B7D97B}.Release|x64.ActiveCfg = Release|x64
		{EF450DDD-25FA-4BFB-95B9-B76752B7D97B}.Release|x64.Build.0 = Release|x64
		{EF450DDD-25FA-4BFB-95B9-B76752B7D97B}.Release|x86.ActiveCfg = Release|Win32
		{EF450DDD-25FA-4BFB-95B9-B76752B7D97B}.Release|x86.Build.0 = Release|Win32
		{E7304AF1-4E8E-4467-A3D7-12178ACEB188}.Debug|x64.ActiveCfg = Debug|x64
		{E7304AF1-4E8E-4467-A3D7-12178ACEB188}.Debug|x64.Build.0 = Debug|x64
		{E7304AF1-4E8E-4467-A3D7-12178ACEB188}.Debug|x86.ActiveCfg = Debug|Win32
		{E7304AF1-4E8E-4467-A3D7-12178ACEB188}.Debug|x86.Build.0 = Debug|Win32
		{E7304AF1-4E8E-4467-A3D7-12178ACEB188}.Release|x64.ActiveCfg = Release|x64
		{E7304AF1-4E8E-4467-A3D7-12178ACEB188}.Release|x64.Build.0 = Release|x64
		{E7304AF1-4E8E-4467-A3D7-12178ACEB188}.Release|x86.ActiveCfg = Release|Win32
		{E7304AF1-4E8E-4467-A3D7-12178ACEB188}.Release|x86.Build.0 = Release|Win32
		{6084FB7C-B782-4825-A480-B408C09AFC82}.Debug|x64.ActiveCfg = Debug|x64
		{6084FB7C-B782-4825-A480-B408C09AFC82}.Debug|x64.Build.0 = Debug|x64
		{6084FB7C-B782-4825-A480-B408C09AFC82}.Debug|x86.ActiveCfg = Debug|Win32
		{6084FB7C-B782-4825-A480-B408C09AFC82}.Debug|x86.Build.0 = Debug|Win32
		{6084FB7C-B782-4825-A480-B408C09AFC82}.Release|x64.ActiveCfg = Release|x64
		{6084FB7C-B782-4825-A480-B408C09AFC82}.Release|x64.Build.0 = Release|x64
		{6084FB7C-B782-4825-A480-B408C09AFC82}.Release|x86.ActiveCfg = Release|Win32
		{6084FB7C-B782-4825-A480-B408C09AFC82}.Release|x86.Build.0 = Release|Win32
		{6C8D5CE6-2D5C-42CE-842F-120AE5F23AA7}.Debug|x64.ActiveCfg = Debug|x64
		{6C8D5CE6-2D5C-42CE-842F-120AE5F23AA7}.Debug|x64.Build.0 = Debug|x64
		{6C8D5CE6-2D5C-42CE-842F-120AE5F23AA7}.Debug|x86.ActiveCfg = Debug|Win32
		{6C8D5CE6-2D5C-42CE-842F-120AE5F23AA7}.Debug|x86.Build.0 = Debug|Win32
		{6C8D5CE6-2D5C-42CE-842F-120AE5F23AA7}.Release|x64.ActiveCfg = Release|x64
		{6C8D5CE6-2D5C-42CE-842F-120AE5F23AA7}.Release|x64.Build.0 = Release|x64
		{6C8D5CE6-2D5C-42CE-842F-120AE5F23AA7}.Release|x86.ActiveCfg = Release|Win32
		{6C8D5CE6-2D5C-42CE-842F-120AE5F23AA7}.Release|x86.Build.0 = Release|Win32
	EndGlobalSection
	GlobalSection(SolutionProperties) = preSolution
		HideSolutionNode = FALSE
	EndGlobalSection
	GlobalSection(NestedProjects) = preSolution
		{EF450DDD-25FA-4BFB-95B9-B76752B7D97B} = {7D123232-D98D-4D73-ACEB-7B74D638F471}
		{E7304AF1-4E8E-4467-A3D7-12178ACEB188} = {D305843C-BA0F-49E1-9D11-894159A03779}
		{6084FB7C-B782-4825-A480-B408C09AFC82} = {D305843C-BA0F-49E1-9D11-894159A03779}
		{6C8D5CE6-2D5C-42CE-842F-120AE5F23AA7} = {EBA24375-2324-4D08-8385-6440A2AB59A5}
	EndGlobalSection
	GlobalSection(ExtensibilityGlobals) = postSolution
		SolutionGuid = {D43A27B3-5809-419E-A294-69268838305F}
	EndGlobalSection
EndGlobal
